
Microsoft Visual Studio Solution File, Format Version 12.00
# Visual Studio 14
VisualStudioVersion = 14.0.24720.0
MinimumVisualStudioVersion = 10.0.40219.1
Project("{FAE04EC0-301F-11D3-BF4B-00C04F79EFBC}") = "linq_practice", "linq_practice\linq_practice.csproj", "{B75E043A-54AE-4C84-BB20-1C38C556D11E}"
EndProject
Project("{FAE04EC0-301F-11D3-BF4B-00C04F79EFBC}") = "linq_practice.tester", "linq_practice.tester\linq_practice.tester.csproj", "{8F318DE1-80D3-41E4-BB56-A83E084DAED4}"
EndProject
Global
	GlobalSection(SolutionConfigurationPlatforms) = preSolution
		Debug|Any CPU = Debug|Any CPU
		Release|Any CPU = Release|Any CPU
	EndGlobalSection
	GlobalSection(ProjectConfigurationPlatforms) = postSolution
		{B75E043A-54AE-4C84-BB20-1C38C556D11E}.Debug|Any CPU.ActiveCfg = Debug|Any CPU
		{B75E043A-54AE-4C84-BB20-1C38C556D11E}.Debug|Any CPU.Build.0 = Debug|Any CPU
		{B75E043A-54AE-4C84-BB20-1C38C556D11E}.Release|Any CPU.ActiveCfg = Release|Any CPU
		{B75E043A-54AE-4C84-BB20-1C38C556D11E}.Release|Any CPU.Build.0 = Release|Any CPU
		{8F318DE1-80D3-41E4-BB56-A83E084DAED4}.Debug|Any CPU.ActiveCfg = Debug|Any CPU
		{8F318DE1-80D3-41E4-BB56-A83E084DAED4}.Debug|Any CPU.Build.0 = Debug|Any CPU
		{8F318DE1-80D3-41E4-BB56-A83E084DAED4}.Release|Any CPU.ActiveCfg = Release|Any CPU
		{8F318DE1-80D3-41E4-BB56-A83E084DAED4}.Release|Any CPU.Build.0 = Release|Any CPU
	EndGlobalSection
	GlobalSection(SolutionProperties) = preSolution
		HideSolutionNode = FALSE
	EndGlobalSection
EndGlobal
